
Microsoft Visual Studio Solution File, Format Version 12.00
# Visual Studio Version 16
VisualStudioVersion = 16.0.32228.343
MinimumVisualStudioVersion = 10.0.40219.1
Project("{FAE04EC0-301F-11D3-BF4B-00C04F79EFBC}") = "Shop management system", "Shop management system\Shop management system.csproj", "{0335AC7D-2D4D-424F-A575-0DE12FEA169B}"
EndProject
Global
	GlobalSection(SolutionConfigurationPlatforms) = preSolution
		Debug|Any CPU = Debug|Any CPU
		Release|Any CPU = Release|Any CPU
	EndGlobalSection
	GlobalSection(ProjectConfigurationPlatforms) = postSolution
		{0335AC7D-2D4D-424F-A575-0DE12FEA169B}.Debug|Any CPU.ActiveCfg = Debug|Any CPU
		{0335AC7D-2D4D-424F-A575-0DE12FEA169B}.Debug|Any CPU.Build.0 = Debug|Any CPU
		{0335AC7D-2D4D-424F-A575-0DE12FEA169B}.Release|Any CPU.ActiveCfg = Release|Any CPU
		{0335AC7D-2D4D-424F-A575-0DE12FEA169B}.Release|Any CPU.Build.0 = Release|Any CPU
	EndGlobalSection
	GlobalSection(SolutionProperties) = preSolution
		HideSolutionNode = FALSE
	EndGlobalSection
	GlobalSection(ExtensibilityGlobals) = postSolution
		SolutionGuid = {F31494D2-2A3F-4392-9224-A92C2AA25DE3}
	EndGlobalSection
EndGlobal
